
Microsoft Visual Studio Solution File, Format Version 11.00
# Visual Studio 2010
Project("{2150E333-8FDC-42A3-9474-1A3956D46DE8}") = "Plugins", "Plugins", "{1A608B70-0FB1-4779-9994-699614659E43}"
EndProject
Project("{FAE04EC0-301F-11D3-BF4B-00C04F79EFBC}") = "Debug", "plugins\Debug\Debug.csproj", "{1CAEB1A6-1E4C-407A-B55E-860CD0ABA1C8}"
EndProject
Project("{FAE04EC0-301F-11D3-BF4B-00C04F79EFBC}") = "FileFind.Meshwork.GtkClient", "src\FileFind.Meshwork.GtkClient\FileFind.Meshwork.GtkClient.csproj", "{3365276B-1897-48BF-AE17-13519F98888B}"
EndProject
Project("{FAE04EC0-301F-11D3-BF4B-00C04F79EFBC}") = "FileFind.Meshwork", "src\FileFind.Meshwork\FileFind.Meshwork.csproj", "{261A1AF5-01A7-4C09-AA0E-345B5DE1E888}"
EndProject
Project("{FAE04EC0-301F-11D3-BF4B-00C04F79EFBC}") = "FileFind.Meshwork.DaemonClient", "src\FileFind.Meshwork.DaemonClient\FileFind.Meshwork.DaemonClient.csproj", "{8CA75664-10AD-4EF3-857A-3FCB556906FA}"
EndProject
Project("{FAE04EC0-301F-11D3-BF4B-00C04F79EFBC}") = "Hyena", "lib\Hyena\Hyena\Hyena.csproj", "{95374549-9553-4C1E-9D89-667755F90E12}"
EndProject
Project("{FAE04EC0-301F-11D3-BF4B-00C04F79EFBC}") = "Hyena.Data.Sqlite", "lib\Hyena\Hyena.Data.Sqlite\Hyena.Data.Sqlite.csproj", "{95374549-9553-4C1E-9D89-667755F90E13}"
EndProject
Project("{FAE04EC0-301F-11D3-BF4B-00C04F79EFBC}") = "Meshwork.Stun", "src\Meshwork.Stun\Meshwork.Stun.csproj", "{99AE14A8-0C36-4F49-AEA8-567A7443CB37}"
EndProject
Project("{FAE04EC0-301F-11D3-BF4B-00C04F79EFBC}") = "TestConsole", "test\TestConsole\TestConsole.csproj", "{6223BB84-6899-4BE8-90B5-EF5E713327EB}"
EndProject
Global
	GlobalSection(SolutionConfigurationPlatforms) = preSolution
		Debug|Any CPU = Debug|Any CPU
		Debug|x86 = Debug|x86
		Default|Any CPU = Default|Any CPU
		Default|x86 = Default|x86
		Release|Any CPU = Release|Any CPU
		Release|x86 = Release|x86
		Submodule|Any CPU = Submodule|Any CPU
		SubmoduleWindows|Any CPU = SubmoduleWindows|Any CPU
	EndGlobalSection
	GlobalSection(ProjectConfigurationPlatforms) = postSolution
		{1CAEB1A6-1E4C-407A-B55E-860CD0ABA1C8}.Debug|Any CPU.ActiveCfg = Debug|x86
		{1CAEB1A6-1E4C-407A-B55E-860CD0ABA1C8}.Debug|x86.ActiveCfg = Debug|x86
		{1CAEB1A6-1E4C-407A-B55E-860CD0ABA1C8}.Debug|x86.Build.0 = Debug|x86
		{1CAEB1A6-1E4C-407A-B55E-860CD0ABA1C8}.Default|Any CPU.ActiveCfg = Debug|x86
		{1CAEB1A6-1E4C-407A-B55E-860CD0ABA1C8}.Default|Any CPU.Build.0 = Debug|x86
		{1CAEB1A6-1E4C-407A-B55E-860CD0ABA1C8}.Default|x86.ActiveCfg = Debug|x86
		{1CAEB1A6-1E4C-407A-B55E-860CD0ABA1C8}.Release|Any CPU.ActiveCfg = Release|x86
		{1CAEB1A6-1E4C-407A-B55E-860CD0ABA1C8}.Release|x86.ActiveCfg = Release|x86
		{1CAEB1A6-1E4C-407A-B55E-860CD0ABA1C8}.Release|x86.Build.0 = Release|x86
		{1CAEB1A6-1E4C-407A-B55E-860CD0ABA1C8}.Submodule|Any CPU.ActiveCfg = Debug|x86
		{1CAEB1A6-1E4C-407A-B55E-860CD0ABA1C8}.Submodule|Any CPU.Build.0 = Debug|x86
		{1CAEB1A6-1E4C-407A-B55E-860CD0ABA1C8}.SubmoduleWindows|Any CPU.ActiveCfg = Debug|x86
		{1CAEB1A6-1E4C-407A-B55E-860CD0ABA1C8}.SubmoduleWindows|Any CPU.Build.0 = Debug|x86
		{261A1AF5-01A7-4C09-AA0E-345B5DE1E888}.Debug|Any CPU.ActiveCfg = Debug|x86
		{261A1AF5-01A7-4C09-AA0E-345B5DE1E888}.Debug|Any CPU.Build.0 = Debug|x86
		{261A1AF5-01A7-4C09-AA0E-345B5DE1E888}.Debug|x86.ActiveCfg = Debug|x86
		{261A1AF5-01A7-4C09-AA0E-345B5DE1E888}.Debug|x86.Build.0 = Debug|x86
		{261A1AF5-01A7-4C09-AA0E-345B5DE1E888}.Default|Any CPU.ActiveCfg = Debug|x86
		{261A1AF5-01A7-4C09-AA0E-345B5DE1E888}.Default|x86.ActiveCfg = Debug|x86
		{261A1AF5-01A7-4C09-AA0E-345B5DE1E888}.Release|Any CPU.ActiveCfg = Release|x86
		{261A1AF5-01A7-4C09-AA0E-345B5DE1E888}.Release|x86.ActiveCfg = Release|x86
		{261A1AF5-01A7-4C09-AA0E-345B5DE1E888}.Submodule|Any CPU.ActiveCfg = Debug|x86
		{261A1AF5-01A7-4C09-AA0E-345B5DE1E888}.Submodule|Any CPU.Build.0 = Debug|x86
		{261A1AF5-01A7-4C09-AA0E-345B5DE1E888}.SubmoduleWindows|Any CPU.ActiveCfg = Debug|x86
		{261A1AF5-01A7-4C09-AA0E-345B5DE1E888}.SubmoduleWindows|Any CPU.Build.0 = Debug|x86
		{3365276B-1897-48BF-AE17-13519F98888B}.Debug|Any CPU.ActiveCfg = Debug|x86
		{3365276B-1897-48BF-AE17-13519F98888B}.Debug|Any CPU.Build.0 = Debug|x86
		{3365276B-1897-48BF-AE17-13519F98888B}.Debug|x86.ActiveCfg = Debug|x86
		{3365276B-1897-48BF-AE17-13519F98888B}.Debug|x86.Build.0 = Debug|x86
		{3365276B-1897-48BF-AE17-13519F98888B}.Default|Any CPU.ActiveCfg = Debug|x86
		{3365276B-1897-48BF-AE17-13519F98888B}.Default|x86.ActiveCfg = Debug|x86
		{3365276B-1897-48BF-AE17-13519F98888B}.Release|Any CPU.ActiveCfg = Release|x86
		{3365276B-1897-48BF-AE17-13519F98888B}.Release|x86.ActiveCfg = Release|Any CPU
		{3365276B-1897-48BF-AE17-13519F98888B}.Release|x86.Build.0 = Release|Any CPU
		{3365276B-1897-48BF-AE17-13519F98888B}.Submodule|Any CPU.ActiveCfg = Debug|x86
		{3365276B-1897-48BF-AE17-13519F98888B}.Submodule|Any CPU.Build.0 = Debug|x86
		{3365276B-1897-48BF-AE17-13519F98888B}.SubmoduleWindows|Any CPU.ActiveCfg = Debug|x86
		{3365276B-1897-48BF-AE17-13519F98888B}.SubmoduleWindows|Any CPU.Build.0 = Debug|x86
		{8CA75664-10AD-4EF3-857A-3FCB556906FA}.Debug|Any CPU.ActiveCfg = Debug|x86
		{8CA75664-10AD-4EF3-857A-3FCB556906FA}.Debug|Any CPU.Build.0 = Debug|x86
		{8CA75664-10AD-4EF3-857A-3FCB556906FA}.Debug|x86.ActiveCfg = Debug|x86
		{8CA75664-10AD-4EF3-857A-3FCB556906FA}.Debug|x86.Build.0 = Debug|x86
		{8CA75664-10AD-4EF3-857A-3FCB556906FA}.Default|Any CPU.ActiveCfg = Debug|x86
		{8CA75664-10AD-4EF3-857A-3FCB556906FA}.Default|Any CPU.Build.0 = Debug|x86
		{8CA75664-10AD-4EF3-857A-3FCB556906FA}.Default|x86.ActiveCfg = Debug|x86
		{8CA75664-10AD-4EF3-857A-3FCB556906FA}.Default|x86.Build.0 = Debug|x86
		{8CA75664-10AD-4EF3-857A-3FCB556906FA}.Release|Any CPU.ActiveCfg = Release|x86
		{8CA75664-10AD-4EF3-857A-3FCB556906FA}.Release|Any CPU.Build.0 = Release|x86
		{8CA75664-10AD-4EF3-857A-3FCB556906FA}.Release|x86.ActiveCfg = Release|x86
		{8CA75664-10AD-4EF3-857A-3FCB556906FA}.Release|x86.Build.0 = Release|x86
		{8CA75664-10AD-4EF3-857A-3FCB556906FA}.Submodule|Any CPU.ActiveCfg = Debug|x86
		{8CA75664-10AD-4EF3-857A-3FCB556906FA}.Submodule|Any CPU.Build.0 = Debug|x86
		{8CA75664-10AD-4EF3-857A-3FCB556906FA}.SubmoduleWindows|Any CPU.ActiveCfg = Debug|x86
		{8CA75664-10AD-4EF3-857A-3FCB556906FA}.SubmoduleWindows|Any CPU.Build.0 = Debug|x86
		{95374549-9553-4C1E-9D89-667755F90E12}.Debug|Any CPU.ActiveCfg = Debug|Any CPU
		{95374549-9553-4C1E-9D89-667755F90E12}.Debug|Any CPU.Build.0 = Debug|Any CPU
		{95374549-9553-4C1E-9D89-667755F90E12}.Debug|x86.ActiveCfg = Debug|Any CPU
		{95374549-9553-4C1E-9D89-667755F90E12}.Debug|x86.Build.0 = Debug|Any CPU
		{95374549-9553-4C1E-9D89-667755F90E12}.Default|Any CPU.ActiveCfg = Debug|Any CPU
		{95374549-9553-4C1E-9D89-667755F90E12}.Default|Any CPU.Build.0 = Debug|Any CPU
		{95374549-9553-4C1E-9D89-667755F90E12}.Default|x86.ActiveCfg = Debug|Any CPU
		{95374549-9553-4C1E-9D89-667755F90E12}.Default|x86.Build.0 = Debug|Any CPU
		{95374549-9553-4C1E-9D89-667755F90E12}.Release|Any CPU.ActiveCfg = Debug|Any CPU
		{95374549-9553-4C1E-9D89-667755F90E12}.Release|Any CPU.Build.0 = Debug|Any CPU
		{95374549-9553-4C1E-9D89-667755F90E12}.Release|x86.ActiveCfg = Debug|Any CPU
		{95374549-9553-4C1E-9D89-667755F90E12}.Release|x86.Build.0 = Debug|Any CPU
		{95374549-9553-4C1E-9D89-667755F90E12}.Submodule|Any CPU.ActiveCfg = Submodule|Any CPU
		{95374549-9553-4C1E-9D89-667755F90E12}.Submodule|Any CPU.Build.0 = Submodule|Any CPU
		{95374549-9553-4C1E-9D89-667755F90E12}.SubmoduleWindows|Any CPU.ActiveCfg = SubmoduleWindows|Any CPU
		{95374549-9553-4C1E-9D89-667755F90E12}.SubmoduleWindows|Any CPU.Build.0 = SubmoduleWindows|Any CPU
		{95374549-9553-4C1E-9D89-667755F90E13}.Debug|Any CPU.ActiveCfg = Debug|Any CPU
		{95374549-9553-4C1E-9D89-667755F90E13}.Debug|Any CPU.Build.0 = Debug|Any CPU
		{95374549-9553-4C1E-9D89-667755F90E13}.Debug|x86.ActiveCfg = Debug|Any CPU
		{95374549-9553-4C1E-9D89-667755F90E13}.Debug|x86.Build.0 = Debug|Any CPU
		{95374549-9553-4C1E-9D89-667755F90E13}.Default|Any CPU.ActiveCfg = Debug|Any CPU
		{95374549-9553-4C1E-9D89-667755F90E13}.Default|Any CPU.Build.0 = Debug|Any CPU
		{95374549-9553-4C1E-9D89-667755F90E13}.Default|x86.ActiveCfg = Debug|Any CPU
		{95374549-9553-4C1E-9D89-667755F90E13}.Default|x86.Build.0 = Debug|Any CPU
		{95374549-9553-4C1E-9D89-667755F90E13}.Release|Any CPU.ActiveCfg = Debug|Any CPU
		{95374549-9553-4C1E-9D89-667755F90E13}.Release|Any CPU.Build.0 = Debug|Any CPU
		{95374549-9553-4C1E-9D89-667755F90E13}.Release|x86.ActiveCfg = Debug|Any CPU
		{95374549-9553-4C1E-9D89-667755F90E13}.Release|x86.Build.0 = Debug|Any CPU
		{95374549-9553-4C1E-9D89-667755F90E13}.Submodule|Any CPU.ActiveCfg = Submodule|Any CPU
		{95374549-9553-4C1E-9D89-667755F90E13}.Submodule|Any CPU.Build.0 = Submodule|Any CPU
		{95374549-9553-4C1E-9D89-667755F90E13}.SubmoduleWindows|Any CPU.ActiveCfg = SubmoduleWindows|Any CPU
		{95374549-9553-4C1E-9D89-667755F90E13}.SubmoduleWindows|Any CPU.Build.0 = SubmoduleWindows|Any CPU
		{99AE14A8-0C36-4F49-AEA8-567A7443CB37}.Debug|Any CPU.ActiveCfg = Debug|Any CPU
		{99AE14A8-0C36-4F49-AEA8-567A7443CB37}.Debug|Any CPU.Build.0 = Debug|Any CPU
		{99AE14A8-0C36-4F49-AEA8-567A7443CB37}.Debug|x86.ActiveCfg = Debug|Any CPU
		{99AE14A8-0C36-4F49-AEA8-567A7443CB37}.Debug|x86.Build.0 = Debug|Any CPU
		{99AE14A8-0C36-4F49-AEA8-567A7443CB37}.Default|Any CPU.ActiveCfg = Debug|Any CPU
		{99AE14A8-0C36-4F49-AEA8-567A7443CB37}.Default|Any CPU.Build.0 = Debug|Any CPU
		{99AE14A8-0C36-4F49-AEA8-567A7443CB37}.Default|x86.ActiveCfg = Debug|Any CPU
		{99AE14A8-0C36-4F49-AEA8-567A7443CB37}.Default|x86.Build.0 = Debug|Any CPU
		{99AE14A8-0C36-4F49-AEA8-567A7443CB37}.Release|Any CPU.ActiveCfg = Release|Any CPU
		{99AE14A8-0C36-4F49-AEA8-567A7443CB37}.Release|Any CPU.Build.0 = Release|Any CPU
		{99AE14A8-0C36-4F49-AEA8-567A7443CB37}.Release|x86.ActiveCfg = Release|Any CPU
		{99AE14A8-0C36-4F49-AEA8-567A7443CB37}.Release|x86.Build.0 = Release|Any CPU
		{99AE14A8-0C36-4F49-AEA8-567A7443CB37}.Submodule|Any CPU.ActiveCfg = Debug|Any CPU
		{99AE14A8-0C36-4F49-AEA8-567A7443CB37}.Submodule|Any CPU.Build.0 = Debug|Any CPU
		{99AE14A8-0C36-4F49-AEA8-567A7443CB37}.SubmoduleWindows|Any CPU.ActiveCfg = Debug|Any CPU
		{99AE14A8-0C36-4F49-AEA8-567A7443CB37}.SubmoduleWindows|Any CPU.Build.0 = Debug|Any CPU
		{6223BB84-6899-4BE8-90B5-EF5E713327EB}.Debug|Any CPU.ActiveCfg = Debug|Any CPU
		{6223BB84-6899-4BE8-90B5-EF5E713327EB}.Debug|Any CPU.Build.0 = Debug|Any CPU
		{6223BB84-6899-4BE8-90B5-EF5E713327EB}.Debug|x86.ActiveCfg = Debug|Any CPU
		{6223BB84-6899-4BE8-90B5-EF5E713327EB}.Debug|x86.Build.0 = Debug|Any CPU
		{6223BB84-6899-4BE8-90B5-EF5E713327EB}.Default|Any CPU.ActiveCfg = Debug|Any CPU
		{6223BB84-6899-4BE8-90B5-EF5E713327EB}.Default|Any CPU.Build.0 = Debug|Any CPU
		{6223BB84-6899-4BE8-90B5-EF5E713327EB}.Default|x86.ActiveCfg = Debug|Any CPU
		{6223BB84-6899-4BE8-90B5-EF5E713327EB}.Default|x86.Build.0 = Debug|Any CPU
		{6223BB84-6899-4BE8-90B5-EF5E713327EB}.Release|Any CPU.ActiveCfg = Release|Any CPU
		{6223BB84-6899-4BE8-90B5-EF5E713327EB}.Release|Any CPU.Build.0 = Release|Any CPU
		{6223BB84-6899-4BE8-90B5-EF5E713327EB}.Release|x86.ActiveCfg = Release|Any CPU
		{6223BB84-6899-4BE8-90B5-EF5E713327EB}.Release|x86.Build.0 = Release|Any CPU
		{6223BB84-6899-4BE8-90B5-EF5E713327EB}.Submodule|Any CPU.ActiveCfg = Debug|Any CPU
		{6223BB84-6899-4BE8-90B5-EF5E713327EB}.Submodule|Any CPU.Build.0 = Debug|Any CPU
		{6223BB84-6899-4BE8-90B5-EF5E713327EB}.SubmoduleWindows|Any CPU.ActiveCfg = Debug|Any CPU
		{6223BB84-6899-4BE8-90B5-EF5E713327EB}.SubmoduleWindows|Any CPU.Build.0 = Debug|Any CPU
	EndGlobalSection
	GlobalSection(NestedProjects) = preSolution
		{1CAEB1A6-1E4C-407A-B55E-860CD0ABA1C8} = {1A608B70-0FB1-4779-9994-699614659E43}
	EndGlobalSection
	GlobalSection(MonoDevelopProperties) = preSolution
		StartupItem = src\FileFind.Meshwork.GtkClient\FileFind.Meshwork.GtkClient.csproj
		Policies = $0
		$0.DotNetNamingPolicy = $1
		$1.DirectoryNamespaceAssociation = PrefixedHierarchical
		$1.ResourceNamePolicy = FileFormatDefault
		$0.TextStylePolicy = $2
		$2.inheritsSet = VisualStudio
		$2.scope = text/x-csharp
		$2.inheritsScope = text/plain
		$0.XmlFormattingPolicy = $3
		$3.inheritsSet = Mono
		$3.inheritsScope = application/xml
		$3.scope = application/xml
		$0.StandardHeader = $4
		$4.Text = 
		$4.IncludeInNewFiles = False
		$0.CSharpFormattingPolicy = $5
		$5.IndentSwitchSection = True
		$5.NewLinesForBracesInProperties = True
		$5.NewLinesForBracesInAccessors = True
		$5.NewLinesForBracesInAnonymousMethods = True
		$5.NewLinesForBracesInControlBlocks = True
		$5.NewLinesForBracesInAnonymousTypes = True
		$5.NewLinesForBracesInObjectCollectionArrayInitializers = True
		$5.NewLinesForBracesInLambdaExpressionBody = True
		$5.NewLineForElse = True
		$5.NewLineForCatch = True
		$5.NewLineForFinally = True
		$5.NewLineForMembersInObjectInit = True
		$5.NewLineForMembersInAnonymousTypes = True
		$5.NewLineForClausesInQuery = True
		$5.SpacingAfterMethodDeclarationName = False
		$5.SpaceAfterMethodCallName = False
		$5.SpaceBeforeOpenSquareBracket = False
		$5.inheritsSet = Mono
		$5.inheritsScope = text/x-csharp
		$5.scope = text/x-csharp
		$0.NameConventionPolicy = $6
		$6.Rules = $7
		$7.NamingRule = $8
		$8.Name = Type Parameters
		$8.AffectedEntity = TypeParameter
		$8.VisibilityMask = VisibilityMask
		$8.NamingStyle = PascalCase
		$8.IncludeInstanceMembers = True
		$8.IncludeStaticEntities = True
		$8.RequiredPrefixes = $30
		$30.String = T
		$8.RequiredSuffixes = $31
		$31.String = Exception
		$7.NamingRule = $9
		$9.Name = Types
		$9.AffectedEntity = Class, Struct, Enum, Delegate
		$9.VisibilityMask = Public
		$9.NamingStyle = PascalCase
		$9.IncludeInstanceMembers = True
		$9.IncludeStaticEntities = True
		$7.NamingRule = $10
		$10.Name = Interfaces
		$10.RequiredPrefixes = $11
		$11.String = I
		$10.AffectedEntity = Interface
		$10.VisibilityMask = Public
		$10.NamingStyle = PascalCase
		$10.IncludeInstanceMembers = True
		$10.IncludeStaticEntities = True
		$7.NamingRule = $12
		$12.Name = Attributes
		$12.RequiredSuffixes = $13
		$13.String = Attribute
		$12.AffectedEntity = CustomAttributes
		$12.VisibilityMask = Public
		$12.NamingStyle = PascalCase
		$12.IncludeInstanceMembers = True
		$12.IncludeStaticEntities = True
		$7.NamingRule = $14
		$14.Name = Event Arguments
		$14.RequiredSuffixes = $15
		$15.String = EventArgs
		$14.AffectedEntity = CustomEventArgs
		$14.VisibilityMask = Public
		$14.NamingStyle = PascalCase
		$14.IncludeInstanceMembers = True
		$14.IncludeStaticEntities = True
		$7.NamingRule = $16
		$16.Name = Exceptions
		$16.RequiredSuffixes = $17
		$17.String = Exception
		$16.AffectedEntity = CustomExceptions
		$16.VisibilityMask = VisibilityMask
		$16.NamingStyle = PascalCase
		$16.IncludeInstanceMembers = True
		$16.IncludeStaticEntities = True
		$7.NamingRule = $18
		$18.Name = Methods
		$18.AffectedEntity = Methods
		$18.VisibilityMask = Protected, Public
		$18.NamingStyle = PascalCase
		$18.IncludeInstanceMembers = True
		$18.IncludeStaticEntities = True
		$7.NamingRule = $19
		$19.Name = Static Readonly Fields
		$19.AffectedEntity = ReadonlyField
		$19.VisibilityMask = Protected, Public
		$19.NamingStyle = PascalCase
		$19.IncludeInstanceMembers = False
		$19.IncludeStaticEntities = True
		$7.NamingRule = $20
		$20.Name = Fields
		$20.AffectedEntity = Field
		$20.VisibilityMask = Protected, Public
		$20.NamingStyle = PascalCase
		$20.IncludeInstanceMembers = True
		$20.IncludeStaticEntities = True
		$7.NamingRule = $21
		$21.Name = ReadOnly Fields
		$21.AffectedEntity = ReadonlyField
		$21.VisibilityMask = Protected, Public
		$21.NamingStyle = PascalCase
		$21.IncludeInstanceMembers = True
		$21.IncludeStaticEntities = False
		$7.NamingRule = $22
		$22.Name = Constant Fields
		$22.AffectedEntity = ConstantField
		$22.VisibilityMask = Protected, Public
		$22.NamingStyle = PascalCase
		$22.IncludeInstanceMembers = True
		$22.IncludeStaticEntities = True
		$7.NamingRule = $23
		$23.Name = Properties
		$23.AffectedEntity = Property
		$23.VisibilityMask = Protected, Public
		$23.NamingStyle = PascalCase
		$23.IncludeInstanceMembers = True
		$23.IncludeStaticEntities = True
		$7.NamingRule = $24
		$24.Name = Events
		$24.AffectedEntity = Event
		$24.VisibilityMask = Protected, Public
		$24.NamingStyle = PascalCase
		$24.IncludeInstanceMembers = True
		$24.IncludeStaticEntities = True
		$7.NamingRule = $25
		$25.Name = Enum Members
		$25.AffectedEntity = EnumMember
		$25.VisibilityMask = VisibilityMask
		$25.NamingStyle = PascalCase
		$25.IncludeInstanceMembers = True
		$25.IncludeStaticEntities = True
		$7.NamingRule = $26
		$26.Name = Parameters
		$26.AffectedEntity = Parameter
		$26.VisibilityMask = VisibilityMask
		$26.NamingStyle = CamelCase
		$26.IncludeInstanceMembers = True
		$26.IncludeStaticEntities = True
		$7.NamingRule = $27
		$27.Name = Type Parameters
		$27.RequiredPrefixes = $28
		$28.String = T
		$27.AffectedEntity = TypeParameter
		$27.VisibilityMask = VisibilityMask
		$27.NamingStyle = PascalCase
		$27.IncludeInstanceMembers = True
		$27.IncludeStaticEntities = True
		$0.VersionControlPolicy = $29
		$29.inheritsSet = Mono
		version = 0.2
	EndGlobalSection
	GlobalSection(SolutionProperties) = preSolution
		HideSolutionNode = FALSE
	EndGlobalSection
EndGlobal
